
Microsoft Visual Studio Solution File, Format Version 12.00
# Visual Studio Version 17
VisualStudioVersion = 17.8.34408.163
MinimumVisualStudioVersion = 10.0.40219.1
Project("{FAE04EC0-301F-11D3-BF4B-00C04F79EFBC}") = "TerraformRunner", "TerraformRunner\TerraformRunner.csproj", "{5796F921-3796-41E6-898C-3DB2706C1100}"
EndProject
Global
	GlobalSection(SolutionConfigurationPlatforms) = preSolution
		Debug|Any CPU = Debug|Any CPU
		Release|Any CPU = Release|Any CPU
	EndGlobalSection
	GlobalSection(ProjectConfigurationPlatforms) = postSolution
		{5796F921-3796-41E6-898C-3DB2706C1100}.Debug|Any CPU.ActiveCfg = Debug|Any CPU
		{5796F921-3796-41E6-898C-3DB2706C1100}.Debug|Any CPU.Build.0 = Debug|Any CPU
		{5796F921-3796-41E6-898C-3DB2706C1100}.Release|Any CPU.ActiveCfg = Release|Any CPU
		{5796F921-3796-41E6-898C-3DB2706C1100}.Release|Any CPU.Build.0 = Release|Any CPU
	EndGlobalSection
	GlobalSection(SolutionProperties) = preSolution
		HideSolutionNode = FALSE
	EndGlobalSection
	GlobalSection(ExtensibilityGlobals) = postSolution
		SolutionGuid = {C6F88FC0-FD74-4335-9731-77950288A7AA}
	EndGlobalSection
EndGlobal
