
Microsoft Visual Studio Solution File, Format Version 12.00
# Visual Studio Version 17
VisualStudioVersion = 17.5.33502.453
MinimumVisualStudioVersion = 10.0.40219.1
Project("{FAE04EC0-301F-11D3-BF4B-00C04F79EFBC}") = "TerraformRunner", "TerraformRunner.csproj", "{48BAA69B-EB5A-46EE-A07A-E1D2295B80B1}"
EndProject
Global
	GlobalSection(SolutionConfigurationPlatforms) = preSolution
		Debug|Any CPU = Debug|Any CPU
		Release|Any CPU = Release|Any CPU
	EndGlobalSection
	GlobalSection(ProjectConfigurationPlatforms) = postSolution
		{48BAA69B-EB5A-46EE-A07A-E1D2295B80B1}.Debug|Any CPU.ActiveCfg = Debug|Any CPU
		{48BAA69B-EB5A-46EE-A07A-E1D2295B80B1}.Debug|Any CPU.Build.0 = Debug|Any CPU
		{48BAA69B-EB5A-46EE-A07A-E1D2295B80B1}.Release|Any CPU.ActiveCfg = Release|Any CPU
		{48BAA69B-EB5A-46EE-A07A-E1D2295B80B1}.Release|Any CPU.Build.0 = Release|Any CPU
	EndGlobalSection
	GlobalSection(SolutionProperties) = preSolution
		HideSolutionNode = FALSE
	EndGlobalSection
	GlobalSection(ExtensibilityGlobals) = postSolution
		SolutionGuid = {FBB49F0F-90FF-4482-9910-1CA3D0EC8F1F}
	EndGlobalSection
EndGlobal
